
Microsoft Visual Studio Solution File, Format Version 12.00
# Visual Studio 15
VisualStudioVersion = 15.0.27703.2000
MinimumVisualStudioVersion = 10.0.40219.1
Project("{FAE04EC0-301F-11D3-BF4B-00C04F79EFBC}") = "Clima.Android", "Clima\Clima.Android\Clima.Android.csproj", "{F4295675-8033-4B2B-AA8E-5DFEA8899852}"
EndProject
Project("{FAE04EC0-301F-11D3-BF4B-00C04F79EFBC}") = "Clima.iOS", "Clima\Clima.iOS\Clima.iOS.csproj", "{5E2A70EC-B1FC-410E-8969-6594EB68DCAF}"
EndProject
Project("{D954291E-2A0B-460D-934E-DC6B0785DB48}") = "Clima", "Clima\Clima\Clima.shproj", "{35738347-CEBA-4210-AB7D-942AB78BFC45}"
EndProject
Global
	GlobalSection(SharedMSBuildProjectFiles) = preSolution
		Clima\Clima\Clima.projitems*{35738347-ceba-4210-ab7d-942ab78bfc45}*SharedItemsImports = 13
		Clima\Clima\Clima.projitems*{5e2a70ec-b1fc-410e-8969-6594eb68dcaf}*SharedItemsImports = 4
		Clima\Clima\Clima.projitems*{f4295675-8033-4b2b-aa8e-5dfea8899852}*SharedItemsImports = 4
	EndGlobalSection
	GlobalSection(SolutionConfigurationPlatforms) = preSolution
		Ad-Hoc|Any CPU = Ad-Hoc|Any CPU
		Ad-Hoc|iPhone = Ad-Hoc|iPhone
		Ad-Hoc|iPhoneSimulator = Ad-Hoc|iPhoneSimulator
		AppStore|Any CPU = AppStore|Any CPU
		AppStore|iPhone = AppStore|iPhone
		AppStore|iPhoneSimulator = AppStore|iPhoneSimulator
		Debug|Any CPU = Debug|Any CPU
		Debug|iPhone = Debug|iPhone
		Debug|iPhoneSimulator = Debug|iPhoneSimulator
		Release|Any CPU = Release|Any CPU
		Release|iPhone = Release|iPhone
		Release|iPhoneSimulator = Release|iPhoneSimulator
	EndGlobalSection
	GlobalSection(ProjectConfigurationPlatforms) = postSolution
		{F4295675-8033-4B2B-AA8E-5DFEA8899852}.Ad-Hoc|Any CPU.ActiveCfg = Release|Any CPU
		{F4295675-8033-4B2B-AA8E-5DFEA8899852}.Ad-Hoc|Any CPU.Build.0 = Release|Any CPU
		{F4295675-8033-4B2B-AA8E-5DFEA8899852}.Ad-Hoc|Any CPU.Deploy.0 = Release|Any CPU
		{F4295675-8033-4B2B-AA8E-5DFEA8899852}.Ad-Hoc|iPhone.ActiveCfg = Release|Any CPU
		{F4295675-8033-4B2B-AA8E-5DFEA8899852}.Ad-Hoc|iPhone.Build.0 = Release|Any CPU
		{F4295675-8033-4B2B-AA8E-5DFEA8899852}.Ad-Hoc|iPhone.Deploy.0 = Release|Any CPU
		{F4295675-8033-4B2B-AA8E-5DFEA8899852}.Ad-Hoc|iPhoneSimulator.ActiveCfg = Release|Any CPU
		{F4295675-8033-4B2B-AA8E-5DFEA8899852}.Ad-Hoc|iPhoneSimulator.Build.0 = Release|Any CPU
		{F4295675-8033-4B2B-AA8E-5DFEA8899852}.Ad-Hoc|iPhoneSimulator.Deploy.0 = Release|Any CPU
		{F4295675-8033-4B2B-AA8E-5DFEA8899852}.AppStore|Any CPU.ActiveCfg = Release|Any CPU
		{F4295675-8033-4B2B-AA8E-5DFEA8899852}.AppStore|Any CPU.Build.0 = Release|Any CPU
		{F4295675-8033-4B2B-AA8E-5DFEA8899852}.AppStore|Any CPU.Deploy.0 = Release|Any CPU
		{F4295675-8033-4B2B-AA8E-5DFEA8899852}.AppStore|iPhone.ActiveCfg = Release|Any CPU
		{F4295675-8033-4B2B-AA8E-5DFEA8899852}.AppStore|iPhone.Build.0 = Release|Any CPU
		{F4295675-8033-4B2B-AA8E-5DFEA8899852}.AppStore|iPhone.Deploy.0 = Release|Any CPU
		{F4295675-8033-4B2B-AA8E-5DFEA8899852}.AppStore|iPhoneSimulator.ActiveCfg = Release|Any CPU
		{F4295675-8033-4B2B-AA8E-5DFEA8899852}.AppStore|iPhoneSimulator.Build.0 = Release|Any CPU
		{F4295675-8033-4B2B-AA8E-5DFEA8899852}.AppStore|iPhoneSimulator.Deploy.0 = Release|Any CPU
		{F4295675-8033-4B2B-AA8E-5DFEA8899852}.Debug|Any CPU.ActiveCfg = Debug|Any CPU
		{F4295675-8033-4B2B-AA8E-5DFEA8899852}.Debug|Any CPU.Build.0 = Debug|Any CPU
		{F4295675-8033-4B2B-AA8E-5DFEA8899852}.Debug|Any CPU.Deploy.0 = Debug|Any CPU
		{F4295675-8033-4B2B-AA8E-5DFEA8899852}.Debug|iPhone.ActiveCfg = Debug|Any CPU
		{F4295675-8033-4B2B-AA8E-5DFEA8899852}.Debug|iPhone.Build.0 = Debug|Any CPU
		{F4295675-8033-4B2B-AA8E-5DFEA8899852}.Debug|iPhone.Deploy.0 = Debug|Any CPU
		{F4295675-8033-4B2B-AA8E-5DFEA8899852}.Debug|iPhoneSimulator.ActiveCfg = Debug|Any CPU
		{F4295675-8033-4B2B-AA8E-5DFEA8899852}.Debug|iPhoneSimulator.Build.0 = Debug|Any CPU
		{F4295675-8033-4B2B-AA8E-5DFEA8899852}.Debug|iPhoneSimulator.Deploy.0 = Debug|Any CPU
		{F4295675-8033-4B2B-AA8E-5DFEA8899852}.Release|Any CPU.ActiveCfg = Release|Any CPU
		{F4295675-8033-4B2B-AA8E-5DFEA8899852}.Release|Any CPU.Build.0 = Release|Any CPU
		{F4295675-8033-4B2B-AA8E-5DFEA8899852}.Release|Any CPU.Deploy.0 = Release|Any CPU
		{F4295675-8033-4B2B-AA8E-5DFEA8899852}.Release|iPhone.ActiveCfg = Release|Any CPU
		{F4295675-8033-4B2B-AA8E-5DFEA8899852}.Release|iPhone.Build.0 = Release|Any CPU
		{F4295675-8033-4B2B-AA8E-5DFEA8899852}.Release|iPhone.Deploy.0 = Release|Any CPU
		{F4295675-8033-4B2B-AA8E-5DFEA8899852}.Release|iPhoneSimulator.ActiveCfg = Release|Any CPU
		{F4295675-8033-4B2B-AA8E-5DFEA8899852}.Release|iPhoneSimulator.Build.0 = Release|Any CPU
		{F4295675-8033-4B2B-AA8E-5DFEA8899852}.Release|iPhoneSimulator.Deploy.0 = Release|Any CPU
		{5E2A70EC-B1FC-410E-8969-6594EB68DCAF}.Ad-Hoc|Any CPU.ActiveCfg = Ad-Hoc|iPhone
		{5E2A70EC-B1FC-410E-8969-6594EB68DCAF}.Ad-Hoc|Any CPU.Build.0 = Ad-Hoc|iPhone
		{5E2A70EC-B1FC-410E-8969-6594EB68DCAF}.Ad-Hoc|Any CPU.Deploy.0 = Ad-Hoc|iPhone
		{5E2A70EC-B1FC-410E-8969-6594EB68DCAF}.Ad-Hoc|iPhone.ActiveCfg = Ad-Hoc|iPhone
		{5E2A70EC-B1FC-410E-8969-6594EB68DCAF}.Ad-Hoc|iPhone.Build.0 = Ad-Hoc|iPhone
		{5E2A70EC-B1FC-410E-8969-6594EB68DCAF}.Ad-Hoc|iPhone.Deploy.0 = Ad-Hoc|iPhone
		{5E2A70EC-B1FC-410E-8969-6594EB68DCAF}.Ad-Hoc|iPhoneSimulator.ActiveCfg = Ad-Hoc|iPhoneSimulator
		{5E2A70EC-B1FC-410E-8969-6594EB68DCAF}.Ad-Hoc|iPhoneSimulator.Build.0 = Ad-Hoc|iPhoneSimulator
		{5E2A70EC-B1FC-410E-8969-6594EB68DCAF}.Ad-Hoc|iPhoneSimulator.Deploy.0 = Ad-Hoc|iPhoneSimulator
		{5E2A70EC-B1FC-410E-8969-6594EB68DCAF}.AppStore|Any CPU.ActiveCfg = AppStore|iPhone
		{5E2A70EC-B1FC-410E-8969-6594EB68DCAF}.AppStore|Any CPU.Build.0 = AppStore|iPhone
		{5E2A70EC-B1FC-410E-8969-6594EB68DCAF}.AppStore|Any CPU.Deploy.0 = AppStore|iPhone
		{5E2A70EC-B1FC-410E-8969-6594EB68DCAF}.AppStore|iPhone.ActiveCfg = AppStore|iPhone
		{5E2A70EC-B1FC-410E-8969-6594EB68DCAF}.AppStore|iPhone.Build.0 = AppStore|iPhone
		{5E2A70EC-B1FC-410E-8969-6594EB68DCAF}.AppStore|iPhone.Deploy.0 = AppStore|iPhone
		{5E2A70EC-B1FC-410E-8969-6594EB68DCAF}.AppStore|iPhoneSimulator.ActiveCfg = AppStore|iPhoneSimulator
		{5E2A70EC-B1FC-410E-8969-6594EB68DCAF}.AppStore|iPhoneSimulator.Build.0 = AppStore|iPhoneSimulator
		{5E2A70EC-B1FC-410E-8969-6594EB68DCAF}.AppStore|iPhoneSimulator.Deploy.0 = AppStore|iPhoneSimulator
		{5E2A70EC-B1FC-410E-8969-6594EB68DCAF}.Debug|Any CPU.ActiveCfg = Debug|iPhoneSimulator
		{5E2A70EC-B1FC-410E-8969-6594EB68DCAF}.Debug|Any CPU.Build.0 = Debug|iPhoneSimulator
		{5E2A70EC-B1FC-410E-8969-6594EB68DCAF}.Debug|Any CPU.Deploy.0 = Debug|iPhoneSimulator
		{5E2A70EC-B1FC-410E-8969-6594EB68DCAF}.Debug|iPhone.ActiveCfg = Debug|iPhone
		{5E2A70EC-B1FC-410E-8969-6594EB68DCAF}.Debug|iPhone.Build.0 = Debug|iPhone
		{5E2A70EC-B1FC-410E-8969-6594EB68DCAF}.Debug|iPhone.Deploy.0 = Debug|iPhone
		{5E2A70EC-B1FC-410E-8969-6594EB68DCAF}.Debug|iPhoneSimulator.ActiveCfg = Debug|iPhoneSimulator
		{5E2A70EC-B1FC-410E-8969-6594EB68DCAF}.Debug|iPhoneSimulator.Build.0 = Debug|iPhoneSimulator
		{5E2A70EC-B1FC-410E-8969-6594EB68DCAF}.Debug|iPhoneSimulator.Deploy.0 = Debug|iPhoneSimulator
		{5E2A70EC-B1FC-410E-8969-6594EB68DCAF}.Release|Any CPU.ActiveCfg = Release|iPhone
		{5E2A70EC-B1FC-410E-8969-6594EB68DCAF}.Release|Any CPU.Build.0 = Release|iPhone
		{5E2A70EC-B1FC-410E-8969-6594EB68DCAF}.Release|Any CPU.Deploy.0 = Release|iPhone
		{5E2A70EC-B1FC-410E-8969-6594EB68DCAF}.Release|iPhone.ActiveCfg = Release|iPhone
		{5E2A70EC-B1FC-410E-8969-6594EB68DCAF}.Release|iPhone.Build.0 = Release|iPhone
		{5E2A70EC-B1FC-410E-8969-6594EB68DCAF}.Release|iPhone.Deploy.0 = Release|iPhone
		{5E2A70EC-B1FC-410E-8969-6594EB68DCAF}.Release|iPhoneSimulator.ActiveCfg = Release|iPhoneSimulator
		{5E2A70EC-B1FC-410E-8969-6594EB68DCAF}.Release|iPhoneSimulator.Build.0 = Release|iPhoneSimulator
		{5E2A70EC-B1FC-410E-8969-6594EB68DCAF}.Release|iPhoneSimulator.Deploy.0 = Release|iPhoneSimulator
	EndGlobalSection
	GlobalSection(SolutionProperties) = preSolution
		HideSolutionNode = FALSE
	EndGlobalSection
	GlobalSection(ExtensibilityGlobals) = postSolution
		SolutionGuid = {EC0CCAB1-E65C-4DDA-8DD7-B1223CDBE054}
	EndGlobalSection
EndGlobal
